
Microsoft Visual Studio Solution File, Format Version 12.00
# Visual Studio 15
VisualStudioVersion = 15.0.28307.168
MinimumVisualStudioVersion = 10.0.40219.1
Project("{FAE04EC0-301F-11D3-BF4B-00C04F79EFBC}") = "Lab2", "Lab2\Lab2.csproj", "{848FF73B-3D78-4676-82C0-B345B16D57DD}"
EndProject
Project("{FAE04EC0-301F-11D3-BF4B-00C04F79EFBC}") = "Circle", "Circle\Circle.csproj", "{AEE581B4-9F38-494F-A97D-83CE235C997C}"
EndProject
Global
	GlobalSection(SolutionConfigurationPlatforms) = preSolution
		Debug|Any CPU = Debug|Any CPU
		Release|Any CPU = Release|Any CPU
	EndGlobalSection
	GlobalSection(ProjectConfigurationPlatforms) = postSolution
		{848FF73B-3D78-4676-82C0-B345B16D57DD}.Debug|Any CPU.ActiveCfg = Debug|Any CPU
		{848FF73B-3D78-4676-82C0-B345B16D57DD}.Debug|Any CPU.Build.0 = Debug|Any CPU
		{848FF73B-3D78-4676-82C0-B345B16D57DD}.Release|Any CPU.ActiveCfg = Release|Any CPU
		{848FF73B-3D78-4676-82C0-B345B16D57DD}.Release|Any CPU.Build.0 = Release|Any CPU
		{AEE581B4-9F38-494F-A97D-83CE235C997C}.Debug|Any CPU.ActiveCfg = Debug|Any CPU
		{AEE581B4-9F38-494F-A97D-83CE235C997C}.Debug|Any CPU.Build.0 = Debug|Any CPU
		{AEE581B4-9F38-494F-A97D-83CE235C997C}.Release|Any CPU.ActiveCfg = Release|Any CPU
		{AEE581B4-9F38-494F-A97D-83CE235C997C}.Release|Any CPU.Build.0 = Release|Any CPU
	EndGlobalSection
	GlobalSection(SolutionProperties) = preSolution
		HideSolutionNode = FALSE
	EndGlobalSection
	GlobalSection(ExtensibilityGlobals) = postSolution
		SolutionGuid = {59E1B612-EA29-4AFD-9096-AEB355B8EC42}
	EndGlobalSection
EndGlobal
